
Microsoft Visual Studio Solution File, Format Version 12.00
# Visual Studio Version 17
VisualStudioVersion = 17.10.35027.167
MinimumVisualStudioVersion = 10.0.40219.1
Project("{FAE04EC0-301F-11D3-BF4B-00C04F79EFBC}") = "VideoStream", "VideoStream\VideoStream.csproj", "{31D6AE6E-E45E-4FB9-A749-4DE390F39125}"
EndProject
Global
	GlobalSection(SolutionConfigurationPlatforms) = preSolution
		Debug|Any CPU = Debug|Any CPU
		Release|Any CPU = Release|Any CPU
	EndGlobalSection
	GlobalSection(ProjectConfigurationPlatforms) = postSolution
		{31D6AE6E-E45E-4FB9-A749-4DE390F39125}.Debug|Any CPU.ActiveCfg = Debug|Any CPU
		{31D6AE6E-E45E-4FB9-A749-4DE390F39125}.Debug|Any CPU.Build.0 = Debug|Any CPU
		{31D6AE6E-E45E-4FB9-A749-4DE390F39125}.Release|Any CPU.ActiveCfg = Release|Any CPU
		{31D6AE6E-E45E-4FB9-A749-4DE390F39125}.Release|Any CPU.Build.0 = Release|Any CPU
	EndGlobalSection
	GlobalSection(SolutionProperties) = preSolution
		HideSolutionNode = FALSE
	EndGlobalSection
	GlobalSection(ExtensibilityGlobals) = postSolution
		SolutionGuid = {22E4E6CF-C3B3-4677-B878-CF7751D9F5F2}
	EndGlobalSection
EndGlobal
